
Microsoft Visual Studio Solution File, Format Version 12.00
# Visual Studio 2012
Project("{F184B08F-C81C-45F6-A57F-5ABD9991F28F}") = "Tiketing", "Tiketing\Tiketing.vbproj", "{5EAD2946-74B9-4661-AD63-5C8794111FE2}"
EndProject
Global
	GlobalSection(SolutionConfigurationPlatforms) = preSolution
		Debug|Any CPU = Debug|Any CPU
		Release|Any CPU = Release|Any CPU
	EndGlobalSection
	GlobalSection(ProjectConfigurationPlatforms) = postSolution
		{5EAD2946-74B9-4661-AD63-5C8794111FE2}.Debug|Any CPU.ActiveCfg = Debug|Any CPU
		{5EAD2946-74B9-4661-AD63-5C8794111FE2}.Debug|Any CPU.Build.0 = Debug|Any CPU
		{5EAD2946-74B9-4661-AD63-5C8794111FE2}.Release|Any CPU.ActiveCfg = Release|Any CPU
		{5EAD2946-74B9-4661-AD63-5C8794111FE2}.Release|Any CPU.Build.0 = Release|Any CPU
	EndGlobalSection
	GlobalSection(SolutionProperties) = preSolution
		HideSolutionNode = FALSE
	EndGlobalSection
EndGlobal
